// !$*UTF8*$!
{
	archiveVersion = 1;
	classes = {
	};
	objectVersion = 48;
	objects = {

/* Begin PBXBuildFile section */
		AE79B6951F72847500B64619 /* AppDelegate.swift in Sources */ = {isa = PBXBuildFile; fileRef = AE79B6941F72847500B64619 /* AppDelegate.swift */; };
		AE79B6971F72847500B64619 /* ViewController.swift in Sources */ = {isa = PBXBuildFile; fileRef = AE79B6961F72847500B64619 /* ViewController.swift */; };
		AE79B69A1F72847500B64619 /* Main.storyboard in Resources */ = {isa = PBXBuildFile; fileRef = AE79B6981F72847500B64619 /* Main.storyboard */; };
		AE79B69C1F72847500B64619 /* Assets.xcassets in Resources */ = {isa = PBXBuildFile; fileRef = AE79B69B1F72847500B64619 /* Assets.xcassets */; };
		AE79B69F1F72847500B64619 /* LaunchScreen.storyboard in Resources */ = {isa = PBXBuildFile; fileRef = AE79B69D1F72847500B64619 /* LaunchScreen.storyboard */; };
		AE79B6AA1F72847600B64619 /* FoodomiaTests.swift in Sources */ = {isa = PBXBuildFile; fileRef = AE79B6A91F72847600B64619 /* FoodomiaTests.swift */; };
		AE79B6B51F72847600B64619 /* FoodomiaUITests.swift in Sources */ = {isa = PBXBuildFile; fileRef = AE79B6B41F72847600B64619 /* FoodomiaUITests.swift */; };
/* End PBXBuildFile section */

/* Begin PBXContainerItemProxy section */
		AE79B6A61F72847600B64619 /* PBXContainerItemProxy */ = {
			isa = PBXContainerItemProxy;
			containerPortal = AE79B6891F72847500B64619 /* Project object */;
			proxyType = 1;
			remoteGlobalIDString = AE79B6901F72847500B64619;
			remoteInfo = Foodomia;
		};
		AE79B6B11F72847600B64619 /* PBXContainerItemProxy */ = {
			isa = PBXContainerItemProxy;
			containerPortal = AE79B6891F72847500B64619 /* Project object */;
			proxyType = 1;
			remoteGlobalIDString = AE79B6901F72847500B64619;
			remoteInfo = Foodomia;
		};
/* End PBXContainerItemProxy section */

/* Begin PBXFileReference section */
		AE79B6911F72847500B64619 /* Foodomia.app */ = {isa = PBXFileReference; explicitFileType = wrapper.application; includeInIndex = 0; path = Foodomia.app; sourceTree = BUILT_PRODUCTS_DIR; };
		AE79B6941F72847500B64619 /* AppDelegate.swift */ = {isa = PBXFileReference; lastKnownFileType = sourcecode.swift; path = AppDelegate.swift; sourceTree = "<group>"; };
		AE79B6961F72847500B64619 /* ViewController.swift */ = {isa = PBXFileReference; lastKnownFileType = sourcecode.swift; path = ViewController.swift; sourceTree = "<group>"; };
		AE79B6991F72847500B64619 /* Base */ = {isa = PBXFileReference; lastKnownFileType = file.storyboard; name = Base; path = Base.lproj/Main.storyboard; sourceTree = "<group>"; };
		AE79B69B1F72847500B64619 /* Assets.xcassets */ = {isa = PBXFileReference; lastKnownFileType = folder.assetcatalog; path = Assets.xcassets; sourceTree = "<group>"; };
		AE79B69E1F72847500B64619 /* Base */ = {isa = PBXFileReference; lastKnownFileType = file.storyboard; name = Base; path = Base.lproj/LaunchScreen.storyboard; sourceTree = "<group>"; };
		AE79B6A01F72847500B64619 /* Info.plist */ = {isa = PBXFileReference; lastKnownFileType = text.plist.xml; path = Info.plist; sourceTree = "<group>"; };
		AE79B6A51F72847600B64619 /* FoodomiaTests.xctest */ = {isa = PBXFileReference; explicitFileType = wrapper.cfbundle; includeInIndex = 0; path = FoodomiaTests.xctest; sourceTree = BUILT_PRODUCTS_DIR; };
		AE79B6A91F72847600B64619 /* FoodomiaTests.swift */ = {isa = PBXFileReference; lastKnownFileType = sourcecode.swift; path = FoodomiaTests.swift; sourceTree = "<group>"; };
		AE79B6AB1F72847600B64619 /* Info.plist */ = {isa = PBXFileReference; lastKnownFileType = text.plist.xml; path = Info.plist; sourceTree = "<group>"; };
		AE79B6B01F72847600B64619 /* FoodomiaUITests.xctest */ = {isa = PBXFileReference; explicitFileType = wrapper.cfbundle; includeInIndex = 0; path = FoodomiaUITests.xctest; sourceTree = BUILT_PRODUCTS_DIR; };
		AE79B6B41F72847600B64619 /* FoodomiaUITests.swift */ = {isa = PBXFileReference; lastKnownFileType = sourcecode.swift; path = FoodomiaUITests.swift; sourceTree = "<group>"; };
		AE79B6B61F72847600B64619 /* Info.plist */ = {isa = PBXFileReference; lastKnownFileType = text.plist.xml; path = Info.plist; sourceTree = "<group>"; };
/* End PBXFileReference section */

/* Begin PBXFrameworksBuildPhase section */
		AE79B68E1F72847500B64619 /* Frameworks */ = {
			isa = PBXFrameworksBuildPhase;
			buildActionMask = 2147483647;
			files = (
			);
			runOnlyForDeploymentPostprocessing = 0;
		};
		AE79B6A21F72847600B64619 /* Frameworks */ = {
			isa = PBXFrameworksBuildPhase;
			buildActionMask = 2147483647;
			files = (
			);
			runOnlyForDeploymentPostprocessing = 0;
		};
		AE79B6AD1F72847600B64619 /* Frameworks */ = {
			isa = PBXFrameworksBuildPhase;
			buildActionMask = 2147483647;
			files = (
			);
			runOnlyForDeploymentPostprocessing = 0;
		};
/* End PBXFrameworksBuildPhase section */

/* Begin PBXGroup section */
		AE79B6881F72847500B64619 = {
			isa = PBXGroup;
			children = (
				AE79B6931F72847500B64619 /* Foodomia */,
				AE79B6A81F72847600B64619 /* FoodomiaTests */,
				AE79B6B31F72847600B64619 /* FoodomiaUITests */,
				AE79B6921F72847500B64619 /* Products */,
			);
			sourceTree = "<group>";
		};
		AE79B6921F72847500B64619 /* Products */ = {
			isa = PBXGroup;
			children = (
				AE79B6911F72847500B64619 /* Foodomia.app */,
				AE79B6A51F72847600B64619 /* FoodomiaTests.xctest */,
				AE79B6B01F72847600B64619 /* FoodomiaUITests.xctest */,
			);
			name = Products;
			sourceTree = "<group>";
		};
		AE79B6931F72847500B64619 /* Foodomia */ = {
			isa = PBXGroup;
			children = (
				AE79B6941F72847500B64619 /* AppDelegate.swift */,
				AE79B6961F72847500B64619 /* ViewController.swift */,
				AE79B6981F72847500B64619 /* Main.storyboard */,
				AE79B69B1F72847500B64619 /* Assets.xcassets */,
				AE79B69D1F72847500B64619 /* LaunchScreen.storyboard */,
				AE79B6A01F72847500B64619 /* Info.plist */,
			);
			path = Foodomia;
			sourceTree = "<group>";
		};
		AE79B6A81F72847600B64619 /* FoodomiaTests */ = {
			isa = PBXGroup;
			children = (
				AE79B6A91F72847600B64619 /* FoodomiaTests.swift */,
				AE79B6AB1F72847600B64619 /* Info.plist */,
			);
			path = FoodomiaTests;
			sourceTree = "<group>";
		};
		AE79B6B31F72847600B64619 /* FoodomiaUITests */ = {
			isa = PBXGroup;
			children = (
				AE79B6B41F72847600B64619 /* FoodomiaUITests.swift */,
				AE79B6B61F72847600B64619 /* Info.plist */,
			);
			path = FoodomiaUITests;
			sourceTree = "<group>";
		};
/* End PBXGroup section */

/* Begin PBXNativeTarget section */
		AE79B6901F72847500B64619 /* Foodomia */ = {
			isa = PBXNativeTarget;
			buildConfigurationList = AE79B6B91F72847600B64619 /* Build configuration list for PBXNativeTarget "Foodomia" */;
			buildPhases = (
				AE79B68D1F72847500B64619 /* Sources */,
				AE79B68E1F72847500B64619 /* Frameworks */,
				AE79B68F1F72847500B64619 /* Resources */,
			);
			buildRules = (
			);
			dependencies = (
			);
			name = Foodomia;
			productName = Foodomia;
			productReference = AE79B6911F72847500B64619 /* Foodomia.app */;
			productType = "com.apple.product-type.application";
		};
		AE79B6A41F72847600B64619 /* FoodomiaTests */ = {
			isa = PBXNativeTarget;
			buildConfigurationList = AE79B6BC1F72847600B64619 /* Build configuration list for PBXNativeTarget "FoodomiaTests" */;
			buildPhases = (
				AE79B6A11F72847600B64619 /* Sources */,
				AE79B6A21F72847600B64619 /* Frameworks */,
				AE79B6A31F72847600B64619 /* Resources */,
			);
			buildRules = (
			);
			dependencies = (
				AE79B6A71F72847600B64619 /* PBXTargetDependency */,
			);
			name = FoodomiaTests;
			productName = FoodomiaTests;
			productReference = AE79B6A51F72847600B64619 /* FoodomiaTests.xctest */;
			productType = "com.apple.product-type.bundle.unit-test";
		};
		AE79B6AF1F72847600B64619 /* FoodomiaUITests */ = {
			isa = PBXNativeTarget;
			buildConfigurationList = AE79B6BF1F72847600B64619 /* Build configuration list for PBXNativeTarget "FoodomiaUITests" */;
			buildPhases = (
				AE79B6AC1F72847600B64619 /* Sources */,
				AE79B6AD1F72847600B64619 /* Frameworks */,
				AE79B6AE1F72847600B64619 /* Resources */,
			);
			buildRules = (
			);
			dependencies = (
				AE79B6B21F72847600B64619 /* PBXTargetDependency */,
			);
			name = FoodomiaUITests;
			productName = FoodomiaUITests;
			productReference = AE79B6B01F72847600B64619 /* FoodomiaUITests.xctest */;
			productType = "com.apple.product-type.bundle.ui-testing";
		};
/* End PBXNativeTarget section */

/* Begin PBXProject section */
		AE79B6891F72847500B64619 /* Project object */ = {
			isa = PBXProject;
			attributes = {
				LastSwiftUpdateCheck = 0900;
				LastUpgradeCheck = 0900;
				ORGANIZATIONNAME = dinosoftlabs;
				TargetAttributes = {
					AE79B6901F72847500B64619 = {
						CreatedOnToolsVersion = 9.0;
						ProvisioningStyle = Automatic;
					};
					AE79B6A41F72847600B64619 = {
						CreatedOnToolsVersion = 9.0;
						ProvisioningStyle = Automatic;
						TestTargetID = AE79B6901F72847500B64619;
					};
					AE79B6AF1F72847600B64619 = {
						CreatedOnToolsVersion = 9.0;
						ProvisioningStyle = Automatic;
						TestTargetID = AE79B6901F72847500B64619;
					};
				};
			};
			buildConfigurationList = AE79B68C1F72847500B64619 /* Build configuration list for PBXProject "Foodomia" */;
			compatibilityVersion = "Xcode 8.0";
			developmentRegion = en;
			hasScannedForEncodings = 0;
			knownRegions = (
				en,
				Base,
			);
			mainGroup = AE79B6881F72847500B64619;
			productRefGroup = AE79B6921F72847500B64619 /* Products */;
			projectDirPath = "";
			projectRoot = "";
			targets = (
				AE79B6901F72847500B64619 /* Foodomia */,
				AE79B6A41F72847600B64619 /* FoodomiaTests */,
				AE79B6AF1F72847600B64619 /* FoodomiaUITests */,
			);
		};
/* End PBXProject section */

/* Begin PBXResourcesBuildPhase section */
		AE79B68F1F72847500B64619 /* Resources */ = {
			isa = PBXResourcesBuildPhase;
			buildActionMask = 2147483647;
			files = (
				AE79B69F1F72847500B64619 /* LaunchScreen.storyboard in Resources */,
				AE79B69C1F72847500B64619 /* Assets.xcassets in Resources */,
				AE79B69A1F72847500B64619 /* Main.storyboard in Resources */,
			);
			runOnlyForDeploymentPostprocessing = 0;
		};
		AE79B6A31F72847600B64619 /* Resources */ = {
			isa = PBXResourcesBuildPhase;
			buildActionMask = 2147483647;
			files = (
			);
			runOnlyForDeploymentPostprocessing = 0;
		};
		AE79B6AE1F72847600B64619 /* Resources */ = {
			isa = PBXResourcesBuildPhase;
			buildActionMask = 2147483647;
			files = (
			);
			runOnlyForDeploymentPostprocessing = 0;
		};
/* End PBXResourcesBuildPhase section */

/* Begin PBXSourcesBuildPhase section */
		AE79B68D1F72847500B64619 /* Sources */ = {
			isa = PBXSourcesBuildPhase;
			buildActionMask = 2147483647;
			files = (
				AE79B6971F72847500B64619 /* ViewController.swift in Sources */,
				AE79B6951F72847500B64619 /* AppDelegate.swift in Sources */,
			);
			runOnlyForDeploymentPostprocessing = 0;
		};
		AE79B6A11F72847600B64619 /* Sources */ = {
			isa = PBXSourcesBuildPhase;
			buildActionMask = 2147483647;
			files = (
				AE79B6AA1F72847600B64619 /* FoodomiaTests.swift in Sources */,
			);
			runOnlyForDeploymentPostprocessing = 0;
		};
		AE79B6AC1F72847600B64619 /* Sources */ = {
			isa = PBXSourcesBuildPhase;
			buildActionMask = 2147483647;
			files = (
				AE79B6B51F72847600B64619 /* FoodomiaUITests.swift in Sources */,
			);
			runOnlyForDeploymentPostprocessing = 0;
		};
/* End PBXSourcesBuildPhase section */

/* Begin PBXTargetDependency section */
		AE79B6A71F72847600B64619 /* PBXTargetDependency */ = {
			isa = PBXTargetDependency;
			target = AE79B6901F72847500B64619 /* Foodomia */;
			targetProxy = AE79B6A61F72847600B64619 /* PBXContainerItemProxy */;
		};
		AE79B6B21F72847600B64619 /* PBXTargetDependency */ = {
			isa = PBXTargetDependency;
			target = AE79B6901F72847500B64619 /* Foodomia */;
			targetProxy = AE79B6B11F72847600B64619 /* PBXContainerItemProxy */;
		};
/* End PBXTargetDependency section */

/* Begin PBXVariantGroup section */
		AE79B6981F72847500B64619 /* Main.storyboard */ = {
			isa = PBXVariantGroup;
			children = (
				AE79B6991F72847500B64619 /* Base */,
			);
			name = Main.storyboard;
			sourceTree = "<group>";
		};
		AE79B69D1F72847500B64619 /* LaunchScreen.storyboard */ = {
			isa = PBXVariantGroup;
			children = (
				AE79B69E1F72847500B64619 /* Base */,
			);
			name = LaunchScreen.storyboard;
			sourceTree = "<group>";
		};
/* End PBXVariantGroup section */

/* Begin XCBuildConfiguration section */
		AE79B6B71F72847600B64619 /* Debug */ = {
			isa = XCBuildConfiguration;
			buildSettings = {
				ALWAYS_SEARCH_USER_PATHS = NO;
				CLANG_ANALYZER_NONNULL = YES;
				CLANG_ANALYZER_NUMBER_OBJECT_CONVERSION = YES_AGGRESSIVE;
				CLANG_CXX_LANGUAGE_STANDARD = "gnu++14";
				CLANG_CXX_LIBRARY = "libc++";
				CLANG_ENABLE_MODULES = YES;
				CLANG_ENABLE_OBJC_ARC = YES;
				CLANG_WARN_BLOCK_CAPTURE_AUTORELEASING = YES;
				CLANG_WARN_BOOL_CONVERSION = YES;
				CLANG_WARN_COMMA = YES;
				CLANG_WARN_CONSTANT_CONVERSION = YES;
				CLANG_WARN_DIRECT_OBJC_ISA_USAGE = YES_ERROR;
				CLANG_WARN_DOCUMENTATION_COMMENTS = YES;
				CLANG_WARN_EMPTY_BODY = YES;
				CLANG_WARN_ENUM_CONVERSION = YES;
				CLANG_WARN_INFINITE_RECURSION = YES;
				CLANG_WARN_INT_CONVERSION = YES;
				CLANG_WARN_NON_LITERAL_NULL_CONVERSION = YES;
				CLANG_WARN_OBJC_LITERAL_CONVERSION = YES;
				CLANG_WARN_OBJC_ROOT_CLASS = YES_ERROR;
				CLANG_WARN_RANGE_LOOP_ANALYSIS = YES;
				CLANG_WARN_STRICT_PROTOTYPES = YES;
				CLANG_WARN_SUSPICIOUS_MOVE = YES;
				CLANG_WARN_UNGUARDED_AVAILABILITY = YES_AGGRESSIVE;
				CLANG_WARN_UNREACHABLE_CODE = YES;
				CLANG_WARN__DUPLICATE_METHOD_MATCH = YES;
				CODE_SIGN_IDENTITY = "iPhone Developer";
				COPY_PHASE_STRIP = NO;
				DEBUG_INFORMATION_FORMAT = dwarf;
				ENABLE_STRICT_OBJC_MSGSEND = YES;
				ENABLE_TESTABILITY = YES;
				GCC_C_LANGUAGE_STANDARD = gnu11;
				GCC_DYNAMIC_NO_PIC = NO;
				GCC_NO_COMMON_BLOCKS = YES;
				GCC_OPTIMIZATION_LEVEL = 0;
				GCC_PREPROCESSOR_DEFINITIONS = (
					"DEBUG=1",
					"$(inherited)",
				);
				GCC_WARN_64_TO_32_BIT_CONVERSION = YES;
				GCC_WARN_ABOUT_RETURN_TYPE = YES_ERROR;
				GCC_WARN_UNDECLARED_SELECTOR = YES;
				GCC_WARN_UNINITIALIZED_AUTOS = YES_AGGRESSIVE;
				GCC_WARN_UNUSED_FUNCTION = YES;
				GCC_WARN_UNUSED_VARIABLE = YES;
				IPHONEOS_DEPLOYMENT_TARGET = 11.0;
				MTL_ENABLE_DEBUG_INFO = YES;
				ONLY_ACTIVE_ARCH = YES;
				SDKROOT = iphoneos;
				SWIFT_ACTIVE_COMPILATION_CONDITIONS = DEBUG;
				SWIFT_OPTIMIZATION_LEVEL = "-Onone";
			};
			name = Debug;
		};
		AE79B6B81F72847600B64619 /* Release */ = {
			isa = XCBuildConfiguration;
			buildSettings = {
				ALWAYS_SEARCH_USER_PATHS = NO;
				CLANG_ANALYZER_NONNULL = YES;
				CLANG_ANALYZER_NUMBER_OBJECT_CONVERSION = YES_AGGRESSIVE;
				CLANG_CXX_LANGUAGE_STANDARD = "gnu++14";
				CLANG_CXX_LIBRARY = "libc++";
				CLANG_ENABLE_MODULES = YES;
				CLANG_ENABLE_OBJC_ARC = YES;
				CLANG_WARN_BLOCK_CAPTURE_AUTORELEASING = YES;
				CLANG_WARN_BOOL_CONVERSION = YES;
				CLANG_WARN_COMMA = YES;
				CLANG_WARN_CONSTANT_CONVERSION = YES;
				CLANG_WARN_DIRECT_OBJC_ISA_USAGE = YES_ERROR;
				CLANG_WARN_DOCUMENTATION_COMMENTS = YES;
				CLANG_WARN_EMPTY_BODY = YES;
				CLANG_WARN_ENUM_CONVERSION = YES;
				CLANG_WARN_INFINITE_RECURSION = YES;
				CLANG_WARN_INT_CONVERSION = YES;
				CLANG_WARN_NON_LITERAL_NULL_CONVERSION = YES;
				CLANG_WARN_OBJC_LITERAL_CONVERSION = YES;
				CLANG_WARN_OBJC_ROOT_CLASS = YES_ERROR;
				CLANG_WARN_RANGE_LOOP_ANALYSIS = YES;
				CLANG_WARN_STRICT_PROTOTYPES = YES;
				CLANG_WARN_SUSPICIOUS_MOVE = YES;
				CLANG_WARN_UNGUARDED_AVAILABILITY = YES_AGGRESSIVE;
				CLANG_WARN_UNREACHABLE_CODE = YES;
				CLANG_WARN__DUPLICATE_METHOD_MATCH = YES;
				CODE_SIGN_IDENTITY = "iPhone Developer";
				COPY_PHASE_STRIP = NO;
				DEBUG_INFORMATION_FORMAT = "dwarf-with-dsym";
				ENABLE_NS_ASSERTIONS = NO;
				ENABLE_STRICT_OBJC_MSGSEND = YES;
				GCC_C_LANGUAGE_STANDARD = gnu11;
				GCC_NO_COMMON_BLOCKS = YES;
				GCC_WARN_64_TO_32_BIT_CONVERSION = YES;
				GCC_WARN_ABOUT_RETURN_TYPE = YES_ERROR;
				GCC_WARN_UNDECLARED_SELECTOR = YES;
				GCC_WARN_UNINITIALIZED_AUTOS = YES_AGGRESSIVE;
				GCC_WARN_UNUSED_FUNCTION = YES;
				GCC_WARN_UNUSED_VARIABLE = YES;
				IPHONEOS_DEPLOYMENT_TARGET = 11.0;
				MTL_ENABLE_DEBUG_INFO = NO;
				SDKROOT = iphoneos;
				SWIFT_OPTIMIZATION_LEVEL = "-Owholemodule";
				VALIDATE_PRODUCT = YES;
			};
			name = Release;
		};
		AE79B6BA1F72847600B64619 /* Debug */ = {
			isa = XCBuildConfiguration;
			buildSettings = {
				ASSETCATALOG_COMPILER_APPICON_NAME = AppIcon;
				CODE_SIGN_STYLE = Automatic;
				DEVELOPMENT_TEAM = 96HXUQZ5HH;
				INFOPLIST_FILE = Foodomia/Info.plist;
				LD_RUNPATH_SEARCH_PATHS = "$(inherited) @executable_path/Frameworks";
				PRODUCT_BUNDLE_IDENTIFIER = dinosoftlabs.Foodomia;
				PRODUCT_NAME = "$(TARGET_NAME)";
				SWIFT_VERSION = 4.0;
				TARGETED_DEVICE_FAMILY = "1,2";
			};
			name = Debug;
		};
		AE79B6BB1F72847600B64619 /* Release */ = {
			isa = XCBuildConfiguration;
			buildSettings = {
				ASSETCATALOG_COMPILER_APPICON_NAME = AppIcon;
				CODE_SIGN_STYLE = Automatic;
				DEVELOPMENT_TEAM = 96HXUQZ5HH;
				INFOPLIST_FILE = Foodomia/Info.plist;
				LD_RUNPATH_SEARCH_PATHS = "$(inherited) @executable_path/Frameworks";
				PRODUCT_BUNDLE_IDENTIFIER = dinosoftlabs.Foodomia;
				PRODUCT_NAME = "$(TARGET_NAME)";
				SWIFT_VERSION = 4.0;
				TARGETED_DEVICE_FAMILY = "1,2";
			};
			name = Release;
		};
		AE79B6BD1F72847600B64619 /* Debug */ = {
			isa = XCBuildConfiguration;
			buildSettings = {
				ALWAYS_EMBED_SWIFT_STANDARD_LIBRARIES = YES;
				BUNDLE_LOADER = "$(TEST_HOST)";
				CODE_SIGN_STYLE = Automatic;
				DEVELOPMENT_TEAM = 96HXUQZ5HH;
				INFOPLIST_FILE = FoodomiaTests/Info.plist;
				LD_RUNPATH_SEARCH_PATHS = "$(inherited) @executable_path/Frameworks @loader_path/Frameworks";
				PRODUCT_BUNDLE_IDENTIFIER = dinosoftlabs.FoodomiaTests;
				PRODUCT_NAME = "$(TARGET_NAME)";
				SWIFT_VERSION = 4.0;
				TARGETED_DEVICE_FAMILY = "1,2";
				TEST_HOST = "$(BUILT_PRODUCTS_DIR)/Foodomia.app/Foodomia";
			};
			name = Debug;
		};
		AE79B6BE1F72847600B64619 /* Release */ = {
			isa = XCBuildConfiguration;
			buildSettings = {
				ALWAYS_EMBED_SWIFT_STANDARD_LIBRARIES = YES;
				BUNDLE_LOADER = "$(TEST_HOST)";
				CODE_SIGN_STYLE = Automatic;
				DEVELOPMENT_TEAM = 96HXUQZ5HH;
				INFOPLIST_FILE = FoodomiaTests/Info.plist;
				LD_RUNPATH_SEARCH_PATHS = "$(inherited) @executable_path/Frameworks @loader_path/Frameworks";
				PRODUCT_BUNDLE_IDENTIFIER = dinosoftlabs.FoodomiaTests;
				PRODUCT_NAME = "$(TARGET_NAME)";
				SWIFT_VERSION = 4.0;
				TARGETED_DEVICE_FAMILY = "1,2";
				TEST_HOST = "$(BUILT_PRODUCTS_DIR)/Foodomia.app/Foodomia";
			};
			name = Release;
		};
		AE79B6C01F72847600B64619 /* Debug */ = {
			isa = XCBuildConfiguration;
			buildSettings = {
				ALWAYS_EMBED_SWIFT_STANDARD_LIBRARIES = YES;
				CODE_SIGN_STYLE = Automatic;
				DEVELOPMENT_TEAM = 96HXUQZ5HH;
				INFOPLIST_FILE = FoodomiaUITests/Info.plist;
				LD_RUNPATH_SEARCH_PATHS = "$(inherited) @executable_path/Frameworks @loader_path/Frameworks";
				PRODUCT_BUNDLE_IDENTIFIER = dinosoftlabs.FoodomiaUITests;
				PRODUCT_NAME = "$(TARGET_NAME)";
				SWIFT_VERSION = 4.0;
				TARGETED_DEVICE_FAMILY = "1,2";
				TEST_TARGET_NAME = Foodomia;
			};
			name = Debug;
		};
		AE79B6C11F72847600B64619 /* Release */ = {
			isa = XCBuildConfiguration;
			buildSettings = {
				ALWAYS_EMBED_SWIFT_STANDARD_LIBRARIES = YES;
				CODE_SIGN_STYLE = Automatic;
				DEVELOPMENT_TEAM = 96HXUQZ5HH;
				INFOPLIST_FILE = FoodomiaUITests/Info.plist;
				LD_RUNPATH_SEARCH_PATHS = "$(inherited) @executable_path/Frameworks @loader_path/Frameworks";
				PRODUCT_BUNDLE_IDENTIFIER = dinosoftlabs.FoodomiaUITests;
				PRODUCT_NAME = "$(TARGET_NAME)";
				SWIFT_VERSION = 4.0;
				TARGETED_DEVICE_FAMILY = "1,2";
				TEST_TARGET_NAME = Foodomia;
			};
			name = Release;
		};
/* End XCBuildConfiguration section */

/* Begin XCConfigurationList section */
		AE79B68C1F72847500B64619 /* Build configuration list for PBXProject "Foodomia" */ = {
			isa = XCConfigurationList;
			buildConfigurations = (
				AE79B6B71F72847600B64619 /* Debug */,
				AE79B6B81F72847600B64619 /* Release */,
			);
			defaultConfigurationIsVisible = 0;
			defaultConfigurationName = Release;
		};
		AE79B6B91F72847600B64619 /* Build configuration list for PBXNativeTarget "Foodomia" */ = {
			isa = XCConfigurationList;
			buildConfigurations = (
				AE79B6BA1F72847600B64619 /* Debug */,
				AE79B6BB1F72847600B64619 /* Release */,
			);
			defaultConfigurationIsVisible = 0;
			defaultConfigurationName = Release;
		};
		AE79B6BC1F72847600B64619 /* Build configuration list for PBXNativeTarget "FoodomiaTests" */ = {
			isa = XCConfigurationList;
			buildConfigurations = (
				AE79B6BD1F72847600B64619 /* Debug */,
				AE79B6BE1F72847600B64619 /* Release */,
			);
			defaultConfigurationIsVisible = 0;
			defaultConfigurationName = Release;
		};
		AE79B6BF1F72847600B64619 /* Build configuration list for PBXNativeTarget "FoodomiaUITests" */ = {
			isa = XCConfigurationList;
			buildConfigurations = (
				AE79B6C01F72847600B64619 /* Debug */,
				AE79B6C11F72847600B64619 /* Release */,
			);
			defaultConfigurationIsVisible = 0;
			defaultConfigurationName = Release;
		};
/* End XCConfigurationList section */
	};
	rootObject = AE79B6891F72847500B64619 /* Project object */;
}
